lockfileVersion: 5.4

specifiers:
  react-ts-gamepads: ^1.0.5

dependencies:
  react-ts-gamepads: 1.0.5

packages:

  /react-ts-gamepads/1.0.5:
    resolution: {integrity: sha512-G1IHhqWcUBG6A80JwcI+eUPBTVc96mA9xib4yS0Lnfzng6Rxd2iSdQGwadvw6gLupst9nJA062dHRPatnFmqxA==}
    engines: {node: '>=10'}
    peerDependencies:
      react: '>=16'
    dev: false
